{
  "name": "volos-oauth-redis",
  "version": "0.13.0",
  "lockfileVersion": 2,
  "requires": true,
  "packages": {
    "": {
      "name": "volos-oauth-redis",
      "version": "0.13.0",
      "license": "MIT",
      "dependencies": {
        "debug": "^2.2.0",
        "node-uuid": "1.4.x",
        "redis": "0.10.x",
        "underscore": "1.6.x",
        "volos-management-redis": "0.9.x",
        "volos-oauth-common": "^0.13.0"
      },
      "devDependencies": {
        "supertest": "^1.2.0"
      }
    },
    "node_modules/async": {
      "version": "1.5.2",
      "resolved": "https://registry.npmjs.org/async/-/async-1.5.2.tgz",
      "integrity": "sha512-nSVgobk4rv61R9PUSDtYt7mPVB2olxNR5RWJcAsH676/ef11bUZwvu7+RGYrYauVdDPcO519v68wRhXQtxsV9w==",
      "dev": true
    },
    "node_modules/combined-stream": {
      "version": "1.0.8",
      "resolved": "https://registry.npmjs.org/combined-stream/-/combined-stream-1.0.8.tgz",
      "integrity": "sha512-FQN4MRfuJeHf7cBbBMJFXhKSDq+2kAArBlmRBvcvFE5BB1HZKXtSFASDhdlz9zOYwxh8lDdnvmMOe/+5cdoEdg==",
      "dev": true,
      "dependencies": {
        "delayed-stream": "~1.0.0"
      },
      "engines": {
        "node": ">= 0.8"
      }
    },
    "node_modules/component-emitter": {
      "version": "1.2.1",
      "resolved": "https://registry.npmjs.org/component-emitter/-/component-emitter-1.2.1.tgz",
      "integrity": "sha512-jPatnhd33viNplKjqXKRkGU345p263OIWzDL2wH3LGIGp5Kojo+uXizHmOADRvhGFFTnJqX3jBAKP6vvmSDKcA==",
      "dev": true
    },
    "node_modules/cookiejar": {
      "version": "2.0.6",
      "resolved": "https://registry.npmjs.org/cookiejar/-/cookiejar-2.0.6.tgz",
      "integrity": "sha512-X9IsySmsr1heROBZCpyEYhqJyU7CXNJoVxIlQ5bBb7DskYUx0mQ+g2f7yPYajceZeGJWHQbIfGB6j0hywV/ARQ==",
      "dev": true
    },
    "node_modules/core-util-is": {
      "version": "1.0.3",
      "resolved": "https://registry.npmjs.org/core-util-is/-/core-util-is-1.0.3.tgz",
      "integrity": "sha512-ZQBvi1DcpJ4GDqanjucZ2Hj3wEO5pZDS89BWbkcrvdxksJorwUDDZamX9ldFkp9aw2lmBDLgkObEA4DWNJ9FYQ==",
      "dev": true
    },
    "node_modules/debug": {
      "version": "2.6.9",
      "resolved": "https://registry.npmjs.org/debug/-/debug-2.6.9.tgz",
      "integrity": "sha512-bC7ElrdJaJnPbAP+1EotYvqZsb3ecl5wi6Bfi6BJTUcNowp6cvspg0jXznRTKDjm/E7AdgFBVeAPVMNcKGsHMA==",
      "dependencies": {
        "ms": "2.0.0"
      }
    },
    "node_modules/delayed-stream": {
      "version": "1.0.0",
      "resolved": "https://registry.npmjs.org/delayed-stream/-/delayed-stream-1.0.0.tgz",
      "integrity": "sha512-ZySD7Nf91aLB0RxL4KGrKHBXl7Eds1DAmEdcoVawXnLD7SDhpNgtuII2aAkg7a7QS41jxPSZ17p4VdGnMHk3MQ==",
      "dev": true,
      "engines": {
        "node": ">=0.4.0"
      }
    },
    "node_modules/extend": {
      "version": "3.0.0",
      "resolved": "https://registry.npmjs.org/extend/-/extend-3.0.0.tgz",
      "integrity": "sha512-5mYyg57hpD+sFaJmgNL9BidQ5C7dmJE3U5vzlRWbuqG+8dytvYEoxvKs6Tj5cm3LpMsFvRt20qz1ckezmsOUgQ==",
      "dev": true
    },
    "node_modules/form-data": {
      "version": "1.0.0-rc3",
      "resolved": "https://registry.npmjs.org/form-data/-/form-data-1.0.0-rc3.tgz",
      "integrity": "sha512-Z5JWXWsFDI8x73Rt/Dc7SK/EvKBzudhqIVBtEhcAhtoevCTqO3YJmctGBLzT0Ggg39xFcefkXt00t1TYLz6D0w==",
      "dev": true,
      "dependencies": {
        "async": "^1.4.0",
        "combined-stream": "^1.0.5",
        "mime-types": "^2.1.3"
      },
      "engines": {
        "node": ">= 0.10"
      }
    },
    "node_modules/formidable": {
      "version": "1.0.17",
      "resolved": "https://registry.npmjs.org/formidable/-/formidable-1.0.17.tgz",
      "integrity": "sha512-95MFT5qipMvUiesmuvGP1BI4hh5XWCzyTapiNJ/k8JBQda7rPy7UCWYItz2uZEdTgGNy1eInjzlL9Wx1O9fedg==",
      "deprecated": "Please upgrade to latest, formidable@v2 or formidable@v3! Check these notes: https://bit.ly/2ZEqIau",
      "dev": true,
      "engines": {
        "node": ">=0.8.0"
      }
    },
    "node_modules/inherits": {
      "version": "2.0.4",
      "resolved": "https://registry.npmjs.org/inherits/-/inherits-2.0.4.tgz",
      "integrity": "sha512-k/vGaX4/Yla3WzyMCvTQOXYeIHvqOKtnqBduzTHpzpQZzAskKMhZ2K+EnBiSM9zGSoIFeMpXKxa4dYeZIQqewQ==",
      "dev": true
    },
    "node_modules/isarray": {
      "version": "0.0.1",
      "resolved": "https://registry.npmjs.org/isarray/-/isarray-0.0.1.tgz",
      "integrity": "sha512-D2S+3GLxWH+uhrNEcoh/fnmYeP8E8/zHl644d/jdA0g2uyXvy3sb0qxotE+ne0LtccHknQzWwZEzhak7oJ0COQ==",
      "dev": true
    },
    "node_modules/methods": {
      "version": "1.1.2",
      "resolved": "https://registry.npmjs.org/methods/-/methods-1.1.2.tgz",
      "integrity": "sha512-iclAHeNqNm68zFtnZ0e+1L2yUIdvzNoauKU4WBA3VvH/vPFieF7qfRlwUZU+DA9P9bPXIS90ulxoUoCH23sV2w==",
      "dev": true,
      "engines": {
        "node": ">= 0.6"
      }
    },
    "node_modules/mime": {
      "version": "1.3.4",
      "resolved": "https://registry.npmjs.org/mime/-/mime-1.3.4.tgz",
      "integrity": "sha512-sAaYXszED5ALBt665F0wMQCUXpGuZsGdopoqcHPdL39ZYdi7uHoZlhrfZfhv8WzivhBzr/oXwaj+yiK5wY8MXQ==",
      "dev": true,
      "bin": {
        "mime": "cli.js"
      }
    },
    "node_modules/mime-db": {
      "version": "1.52.0",
      "resolved": "https://registry.npmjs.org/mime-db/-/mime-db-1.52.0.tgz",
      "integrity": "sha512-sPU4uV7dYlvtWJxwwxHD0PuihVNiE7TyAbQ5SWxDCB9mUYvOgroQOwYQQOKPJ8CIbE+1ETVlOoK1UC2nU3gYvg==",
      "dev": true,
      "engines": {
        "node": ">= 0.6"
      }
    },
    "node_modules/mime-types": {
      "version": "2.1.35",
      "resolved": "https://registry.npmjs.org/mime-types/-/mime-types-2.1.35.tgz",
      "integrity": "sha512-ZDY+bPm5zTTF+YpCrAU9nK0UgICYPT0QtT1NZWFv4s++TNkcgVaT0g6+4R2uI4MjQjzysHB1zxuWL50hzaeXiw==",
      "dev": true,
      "dependencies": {
        "mime-db": "1.52.0"
      },
      "engines": {
        "node": ">= 0.6"
      }
    },
    "node_modules/ms": {
      "version": "2.0.0",
      "resolved": "https://registry.npmjs.org/ms/-/ms-2.0.0.tgz",
      "integrity": "sha512-Tpp60P6IUJDTuOq/5Z8cdskzJujfwqfOTkrwIwj7IRISpnkJnT6SyJ4PCPnGMoFjC9ddhal5KVIYtAt97ix05A=="
    },
    "node_modules/node-uuid": {
      "version": "1.4.8",
      "resolved": "https://registry.npmjs.org/node-uuid/-/node-uuid-1.4.8.tgz",
      "integrity": "sha512-TkCET/3rr9mUuRp+CpO7qfgT++aAxfDRaalQhwPFzI9BY/2rCDn6OfpZOVggi1AXfTPpfkTrg5f5WQx5G1uLxA==",
      "deprecated": "Use uuid module instead",
      "bin": {
        "uuid": "bin/uuid"
      }
    },
    "node_modules/qs": {
      "version": "2.3.3",
      "resolved": "https://registry.npmjs.org/qs/-/qs-2.3.3.tgz",
      "integrity": "sha512-f5M0HQqZWkzU8GELTY8LyMrGkr3bPjKoFtTkwUEqJQbcljbeK8M7mliP9Ia2xoOI6oMerp+QPS7oYJtpGmWe/A==",
      "dev": true
    },
    "node_modules/readable-stream": {
      "version": "1.0.27-1",
      "resolved": "https://registry.npmjs.org/readable-stream/-/readable-stream-1.0.27-1.tgz",
      "integrity": "sha512-uQE31HGhpMrqZwtDjRliOs2aC3XBi+DdkhLs+Xa0dvVD5eDiZr3+k8rKVZcyTzxosgtMw7B/twQsK3P1KTZeVg==",
      "dev": true,
      "dependencies": {
        "core-util-is": "~1.0.0",
        "inherits": "~2.0.1",
        "isarray": "0.0.1",
        "string_decoder": "~0.10.x"
      }
    },
    "node_modules/redis": {
      "version": "0.10.3",
      "resolved": "https://registry.npmjs.org/redis/-/redis-0.10.3.tgz",
      "integrity": "sha512-oVblZDvWa0J03abo+nB4X7XlIlrfp7UF57fQmHe9X7aO5y/aUuxxXOyq8ZdjhMTnto3n9fQXX2flhXU7DP6RYQ=="
    },
    "node_modules/reduce-component": {
      "version": "1.0.1",
      "resolved": "https://registry.npmjs.org/reduce-component/-/reduce-component-1.0.1.tgz",
      "integrity": "sha512-y0wyCcdQul3hI3xHfIs0vg/jSbboQc/YTOAqaxjFG7At+XSexduuOqBVL9SmOLSwa/ldkbzVzdwuk9s2EKTAZg==",
      "dev": true
    },
    "node_modules/string_decoder": {
      "version": "0.10.31",
      "resolved": "https://registry.npmjs.org/string_decoder/-/string_decoder-0.10.31.tgz",
      "integrity": "sha512-ev2QzSzWPYmy9GuqfIVildA4OdcGLeFZQrq5ys6RtiuF+RQQiZWr8TZNyAcuVXyQRYfEO+MsoB/1BuQVhOJuoQ==",
      "dev": true
    },
    "node_modules/superagent": {
      "version": "1.8.5",
      "resolved": "https://registry.npmjs.org/superagent/-/superagent-1.8.5.tgz",
      "integrity": "sha512-4h4R6fISQXvgjIqZ8DjONYy3y2XPxgZO0LgHsBI6tDAEhzJLpWuK+thM60SmUiERJOEJzmxlIGx/GP6+azky/A==",
      "deprecated": "Please upgrade to v7.0.2+ of superagent.  We have fixed numerous issues with streams, form-data, attach(), filesystem errors not bubbling up (ENOENT on attach()), and all tests are now passing.  See the releases tab for more information at <https://github.com/visionmedia/superagent/releases>.",
      "dev": true,
      "dependencies": {
        "component-emitter": "~1.2.0",
        "cookiejar": "2.0.6",
        "debug": "2",
        "extend": "3.0.0",
        "form-data": "1.0.0-rc3",
        "formidable": "~1.0.14",
        "methods": "~1.1.1",
        "mime": "1.3.4",
        "qs": "2.3.3",
        "readable-stream": "1.0.27-1",
        "reduce-component": "1.0.1"
      },
      "engines": {
        "node": ">= 0.8"
      }
    },
    "node_modules/supertest": {
      "version": "1.2.0",
      "resolved": "https://registry.npmjs.org/supertest/-/supertest-1.2.0.tgz",
      "integrity": "sha512-JZnQKOTbPejOqKpqPiFU5WcL8YHKel3xCrL0AmQxLIQnM5WLGCSJ/wI9gdD2redLHsnISeXkQBcAyKgqD0Ybag==",
      "dev": true,
      "dependencies": {
        "methods": "1.x",
        "superagent": "^1.7.2"
      },
      "engines": {
        "node": ">=0.10.0"
      }
    },
    "node_modules/underscore": {
      "version": "1.6.0",
      "resolved": "https://registry.npmjs.org/underscore/-/underscore-1.6.0.tgz",
      "integrity": "sha512-z4o1fvKUojIWh9XuaVLUDdf86RQiq13AC1dmHbTpoyuu+bquHms76v16CjycCbec87J7z0k//SiQVk0sMdFmpQ=="
    },
    "node_modules/volos-management-common": {
      "version": "0.9.4",
      "resolved": "https://registry.npmjs.org/volos-management-common/-/volos-management-common-0.9.4.tgz",
      "integrity": "sha512-BvMtDBcdNGDEhhZEpFi+Y32DcXEGmo7n5ZG+MtnFc+CRP1HHI0muB+XYksbnraS7/G8xnxfNjYSJR5Tl2+3MzQ==",
      "dependencies": {
        "debug": "^2.2.0"
      }
    },
    "node_modules/volos-management-redis": {
      "version": "0.9.10",
      "resolved": "https://registry.npmjs.org/volos-management-redis/-/volos-management-redis-0.9.10.tgz",
      "integrity": "sha512-VwUY7vOqzpREicgQo4ogW8VMg4ayMzTTj07LdfOICxTpcAmmOTxMPMs1oXInHcN+k4KOLOH5iJ9hdVxV3YKjlQ==",
      "dependencies": {
        "async": "0.8.x",
        "debug": "^2.2.0",
        "node-uuid": "1.4.x",
        "redis": "0.10.x",
        "underscore": "1.6.x",
        "volos-management-common": "0.9.x"
      }
    },
    "node_modules/volos-management-redis/node_modules/async": {
      "version": "0.8.0",
      "resolved": "https://registry.npmjs.org/async/-/async-0.8.0.tgz",
      "integrity": "sha512-M2LC+aqW7VetFcnFiYEbjUsmASW6GSsMNkRzhUzwHoQNfNIRClf5GLgozwuJ4tAMLAfjywrKyQ2wWiODJivQmg=="
    },
    "node_modules/volos-oauth-common": {
      "version": "0.13.1",
      "resolved": "https://registry.npmjs.org/volos-oauth-common/-/volos-oauth-common-0.13.1.tgz",
      "integrity": "sha512-n4rz2Wfb/JuZkzG1W/ZMAhRsT1mjzsPKPvNEhf6rgIde5WD/XeF8kMhkQvQPE/XuhzhUuyJ2cxy6dagy+nWJ9A==",
      "dependencies": {
        "debug": "^2.2.0",
        "underscore": "1.6.x"
      }
    }
  },
  "dependencies": {
    "async": {
      "version": "1.5.2",
      "resolved": "https://registry.npmjs.org/async/-/async-1.5.2.tgz",
      "integrity": "sha512-nSVgobk4rv61R9PUSDtYt7mPVB2olxNR5RWJcAsH676/ef11bUZwvu7+RGYrYauVdDPcO519v68wRhXQtxsV9w==",
      "dev": true
    },
    "combined-stream": {
      "version": "1.0.8",
      "resolved": "https://registry.npmjs.org/combined-stream/-/combined-stream-1.0.8.tgz",
      "integrity": "sha512-FQN4MRfuJeHf7cBbBMJFXhKSDq+2kAArBlmRBvcvFE5BB1HZKXtSFASDhdlz9zOYwxh8lDdnvmMOe/+5cdoEdg==",
      "dev": true,
      "requires": {
        "delayed-stream": "~1.0.0"
      }
    },
    "component-emitter": {
      "version": "1.2.1",
      "resolved": "https://registry.npmjs.org/component-emitter/-/component-emitter-1.2.1.tgz",
      "integrity": "sha512-jPatnhd33viNplKjqXKRkGU345p263OIWzDL2wH3LGIGp5Kojo+uXizHmOADRvhGFFTnJqX3jBAKP6vvmSDKcA==",
      "dev": true
    },
    "cookiejar": {
      "version": "2.0.6",
      "resolved": "https://registry.npmjs.org/cookiejar/-/cookiejar-2.0.6.tgz",
      "integrity": "sha512-X9IsySmsr1heROBZCpyEYhqJyU7CXNJoVxIlQ5bBb7DskYUx0mQ+g2f7yPYajceZeGJWHQbIfGB6j0hywV/ARQ==",
      "dev": true
    },
    "core-util-is": {
      "version": "1.0.3",
      "resolved": "https://registry.npmjs.org/core-util-is/-/core-util-is-1.0.3.tgz",
      "integrity": "sha512-ZQBvi1DcpJ4GDqanjucZ2Hj3wEO5pZDS89BWbkcrvdxksJorwUDDZamX9ldFkp9aw2lmBDLgkObEA4DWNJ9FYQ==",
      "dev": true
    },
    "debug": {
      "version": "2.6.9",
      "resolved": "https://registry.npmjs.org/debug/-/debug-2.6.9.tgz",
      "integrity": "sha512-bC7ElrdJaJnPbAP+1EotYvqZsb3ecl5wi6Bfi6BJTUcNowp6cvspg0jXznRTKDjm/E7AdgFBVeAPVMNcKGsHMA==",
      "requires": {
        "ms": "2.0.0"
      }
    },
    "delayed-stream": {
      "version": "1.0.0",
      "resolved": "https://registry.npmjs.org/delayed-stream/-/delayed-stream-1.0.0.tgz",
      "integrity": "sha512-ZySD7Nf91aLB0RxL4KGrKHBXl7Eds1DAmEdcoVawXnLD7SDhpNgtuII2aAkg7a7QS41jxPSZ17p4VdGnMHk3MQ==",
      "dev": true
    },
    "extend": {
      "version": "3.0.0",
      "resolved": "https://registry.npmjs.org/extend/-/extend-3.0.0.tgz",
      "integrity": "sha512-5mYyg57hpD+sFaJmgNL9BidQ5C7dmJE3U5vzlRWbuqG+8dytvYEoxvKs6Tj5cm3LpMsFvRt20qz1ckezmsOUgQ==",
      "dev": true
    },
    "form-data": {
      "version": "1.0.0-rc3",
      "resolved": "https://registry.npmjs.org/form-data/-/form-data-1.0.0-rc3.tgz",
      "integrity": "sha512-Z5JWXWsFDI8x73Rt/Dc7SK/EvKBzudhqIVBtEhcAhtoevCTqO3YJmctGBLzT0Ggg39xFcefkXt00t1TYLz6D0w==",
      "dev": true,
      "requires": {
        "async": "^1.4.0",
        "combined-stream": "^1.0.5",
        "mime-types": "^2.1.3"
      }
    },
    "formidable": {
      "version": "1.0.17",
      "resolved": "https://registry.npmjs.org/formidable/-/formidable-1.0.17.tgz",
      "integrity": "sha512-95MFT5qipMvUiesmuvGP1BI4hh5XWCzyTapiNJ/k8JBQda7rPy7UCWYItz2uZEdTgGNy1eInjzlL9Wx1O9fedg==",
      "dev": true
    },
    "inherits": {
      "version": "2.0.4",
      "resolved": "https://registry.npmjs.org/inherits/-/inherits-2.0.4.tgz",
      "integrity": "sha512-k/vGaX4/Yla3WzyMCvTQOXYeIHvqOKtnqBduzTHpzpQZzAskKMhZ2K+EnBiSM9zGSoIFeMpXKxa4dYeZIQqewQ==",
      "dev": true
    },
    "isarray": {
      "version": "0.0.1",
      "resolved": "https://registry.npmjs.org/isarray/-/isarray-0.0.1.tgz",
      "integrity": "sha512-D2S+3GLxWH+uhrNEcoh/fnmYeP8E8/zHl644d/jdA0g2uyXvy3sb0qxotE+ne0LtccHknQzWwZEzhak7oJ0COQ==",
      "dev": true
    },
    "methods": {
      "version": "1.1.2",
      "resolved": "https://registry.npmjs.org/methods/-/methods-1.1.2.tgz",
      "integrity": "sha512-iclAHeNqNm68zFtnZ0e+1L2yUIdvzNoauKU4WBA3VvH/vPFieF7qfRlwUZU+DA9P9bPXIS90ulxoUoCH23sV2w==",
      "dev": true
    },
    "mime": {
      "version": "1.3.4",
      "resolved": "https://registry.npmjs.org/mime/-/mime-1.3.4.tgz",
      "integrity": "sha512-sAaYXszED5ALBt665F0wMQCUXpGuZsGdopoqcHPdL39ZYdi7uHoZlhrfZfhv8WzivhBzr/oXwaj+yiK5wY8MXQ==",
      "dev": true
    },
    "mime-db": {
      "version": "1.52.0",
      "resolved": "https://registry.npmjs.org/mime-db/-/mime-db-1.52.0.tgz",
      "integrity": "sha512-sPU4uV7dYlvtWJxwwxHD0PuihVNiE7TyAbQ5SWxDCB9mUYvOgroQOwYQQOKPJ8CIbE+1ETVlOoK1UC2nU3gYvg==",
      "dev": true
    },
    "mime-types": {
      "version": "2.1.35",
      "resolved": "https://registry.npmjs.org/mime-types/-/mime-types-2.1.35.tgz",
      "integrity": "sha512-ZDY+bPm5zTTF+YpCrAU9nK0UgICYPT0QtT1NZWFv4s++TNkcgVaT0g6+4R2uI4MjQjzysHB1zxuWL50hzaeXiw==",
      "dev": true,
      "requires": {
        "mime-db": "1.52.0"
      }
    },
    "ms": {
      "version": "2.0.0",
      "resolved": "https://registry.npmjs.org/ms/-/ms-2.0.0.tgz",
      "integrity": "sha512-Tpp60P6IUJDTuOq/5Z8cdskzJujfwqfOTkrwIwj7IRISpnkJnT6SyJ4PCPnGMoFjC9ddhal5KVIYtAt97ix05A=="
    },
    "node-uuid": {
      "version": "1.4.8",
      "resolved": "https://registry.npmjs.org/node-uuid/-/node-uuid-1.4.8.tgz",
      "integrity": "sha512-TkCET/3rr9mUuRp+CpO7qfgT++aAxfDRaalQhwPFzI9BY/2rCDn6OfpZOVggi1AXfTPpfkTrg5f5WQx5G1uLxA=="
    },
    "qs": {
      "version": "2.3.3",
      "resolved": "https://registry.npmjs.org/qs/-/qs-2.3.3.tgz",
      "integrity": "sha512-f5M0HQqZWkzU8GELTY8LyMrGkr3bPjKoFtTkwUEqJQbcljbeK8M7mliP9Ia2xoOI6oMerp+QPS7oYJtpGmWe/A==",
      "dev": true
    },
    "readable-stream": {
      "version": "1.0.27-1",
      "resolved": "https://registry.npmjs.org/readable-stream/-/readable-stream-1.0.27-1.tgz",
      "integrity": "sha512-uQE31HGhpMrqZwtDjRliOs2aC3XBi+DdkhLs+Xa0dvVD5eDiZr3+k8rKVZcyTzxosgtMw7B/twQsK3P1KTZeVg==",
      "dev": true,
      "requires": {
        "core-util-is": "~1.0.0",
        "inherits": "~2.0.1",
        "isarray": "0.0.1",
        "string_decoder": "~0.10.x"
      }
    },
    "redis": {
      "version": "0.10.3",
      "resolved": "https://registry.npmjs.org/redis/-/redis-0.10.3.tgz",
      "integrity": "sha512-oVblZDvWa0J03abo+nB4X7XlIlrfp7UF57fQmHe9X7aO5y/aUuxxXOyq8ZdjhMTnto3n9fQXX2flhXU7DP6RYQ=="
    },
    "reduce-component": {
      "version": "1.0.1",
      "resolved": "https://registry.npmjs.org/reduce-component/-/reduce-component-1.0.1.tgz",
      "integrity": "sha512-y0wyCcdQul3hI3xHfIs0vg/jSbboQc/YTOAqaxjFG7At+XSexduuOqBVL9SmOLSwa/ldkbzVzdwuk9s2EKTAZg==",
      "dev": true
    },
    "string_decoder": {
      "version": "0.10.31",
      "resolved": "https://registry.npmjs.org/string_decoder/-/string_decoder-0.10.31.tgz",
      "integrity": "sha512-ev2QzSzWPYmy9GuqfIVildA4OdcGLeFZQrq5ys6RtiuF+RQQiZWr8TZNyAcuVXyQRYfEO+MsoB/1BuQVhOJuoQ==",
      "dev": true
    },
    "superagent": {
      "version": "1.8.5",
      "resolved": "https://registry.npmjs.org/superagent/-/superagent-1.8.5.tgz",
      "integrity": "sha512-4h4R6fISQXvgjIqZ8DjONYy3y2XPxgZO0LgHsBI6tDAEhzJLpWuK+thM60SmUiERJOEJzmxlIGx/GP6+azky/A==",
      "dev": true,
      "requires": {
        "component-emitter": "~1.2.0",
        "cookiejar": "2.0.6",
        "debug": "2",
        "extend": "3.0.0",
        "form-data": "1.0.0-rc3",
        "formidable": "~1.0.14",
        "methods": "~1.1.1",
        "mime": "1.3.4",
        "qs": "2.3.3",
        "readable-stream": "1.0.27-1",
        "reduce-component": "1.0.1"
      }
    },
    "supertest": {
      "version": "1.2.0",
      "resolved": "https://registry.npmjs.org/supertest/-/supertest-1.2.0.tgz",
      "integrity": "sha512-JZnQKOTbPejOqKpqPiFU5WcL8YHKel3xCrL0AmQxLIQnM5WLGCSJ/wI9gdD2redLHsnISeXkQBcAyKgqD0Ybag==",
      "dev": true,
      "requires": {
        "methods": "1.x",
        "superagent": "^1.7.2"
      }
    },
    "underscore": {
      "version": "1.6.0",
      "resolved": "https://registry.npmjs.org/underscore/-/underscore-1.6.0.tgz",
      "integrity": "sha512-z4o1fvKUojIWh9XuaVLUDdf86RQiq13AC1dmHbTpoyuu+bquHms76v16CjycCbec87J7z0k//SiQVk0sMdFmpQ=="
    },
    "volos-management-common": {
      "version": "0.9.4",
      "resolved": "https://registry.npmjs.org/volos-management-common/-/volos-management-common-0.9.4.tgz",
      "integrity": "sha512-BvMtDBcdNGDEhhZEpFi+Y32DcXEGmo7n5ZG+MtnFc+CRP1HHI0muB+XYksbnraS7/G8xnxfNjYSJR5Tl2+3MzQ==",
      "requires": {
        "debug": "^2.2.0"
      }
    },
    "volos-management-redis": {
      "version": "0.9.10",
      "resolved": "https://registry.npmjs.org/volos-management-redis/-/volos-management-redis-0.9.10.tgz",
      "integrity": "sha512-VwUY7vOqzpREicgQo4ogW8VMg4ayMzTTj07LdfOICxTpcAmmOTxMPMs1oXInHcN+k4KOLOH5iJ9hdVxV3YKjlQ==",
      "requires": {
        "async": "0.8.x",
        "debug": "^2.2.0",
        "node-uuid": "1.4.x",
        "redis": "0.10.x",
        "underscore": "1.6.x",
        "volos-management-common": "0.9.x"
      },
      "dependencies": {
        "async": {
          "version": "0.8.0",
          "resolved": "https://registry.npmjs.org/async/-/async-0.8.0.tgz",
          "integrity": "sha512-M2LC+aqW7VetFcnFiYEbjUsmASW6GSsMNkRzhUzwHoQNfNIRClf5GLgozwuJ4tAMLAfjywrKyQ2wWiODJivQmg=="
        }
      }
    },
    "volos-oauth-common": {
      "version": "0.13.1",
      "resolved": "https://registry.npmjs.org/volos-oauth-common/-/volos-oauth-common-0.13.1.tgz",
      "integrity": "sha512-n4rz2Wfb/JuZkzG1W/ZMAhRsT1mjzsPKPvNEhf6rgIde5WD/XeF8kMhkQvQPE/XuhzhUuyJ2cxy6dagy+nWJ9A==",
      "requires": {
        "debug": "^2.2.0",
        "underscore": "1.6.x"
      }
    }
  }
}
